// !$*UTF8*$!
{
	archiveVersion = 1;
	classes = {
	};
	objectVersion = 50;
	objects = {

/* Begin PBXBuildFile section */
		20EAFAAAEB8C00A73E7F3CA3 /* Pods_EathoUITests.framework in Frameworks */ = {isa = PBXBuildFile; fileRef = 43BE0B36E6F0609A4647006C /* Pods_EathoUITests.framework */; };
		2A1DAB6A1374B9867D349312 /* Pods_Eatho.framework in Frameworks */ = {isa = PBXBuildFile; fileRef = C38E2536262A0E9DCB29F5F0 /* Pods_Eatho.framework */; };
		950236A72348AF9A0059DA8B /* URLs.swift in Sources */ = {isa = PBXBuildFile; fileRef = 950236A62348AF9A0059DA8B /* URLs.swift */; };
		950236A92348AFBF0059DA8B /* Colors.swift in Sources */ = {isa = PBXBuildFile; fileRef = 950236A82348AFBF0059DA8B /* Colors.swift */; };
		951460C6231E97A100B5C04D /* FoodServiceNetworkExtension.swift in Sources */ = {isa = PBXBuildFile; fileRef = 951460C5231E97A100B5C04D /* FoodServiceNetworkExtension.swift */; };
		951460C8231EB55500B5C04D /* RationInsertionFoodCell.swift in Sources */ = {isa = PBXBuildFile; fileRef = 951460C7231EB55500B5C04D /* RationInsertionFoodCell.swift */; };
		951460CA231F053200B5C04D /* ComplementParamsModalVC.swift in Sources */ = {isa = PBXBuildFile; fileRef = 951460C9231F053200B5C04D /* ComplementParamsModalVC.swift */; };
		951987402350D70400F56B96 /* AutomaticNutritionCalculationsVC.swift in Sources */ = {isa = PBXBuildFile; fileRef = 9519873F2350D70400F56B96 /* AutomaticNutritionCalculationsVC.swift */; };
		951987432350D72700F56B96 /* NutritionGramsSetupVC.swift in Sources */ = {isa = PBXBuildFile; fileRef = 951987422350D72700F56B96 /* NutritionGramsSetupVC.swift */; };
		951987452350D73900F56B96 /* NutritionPercentSetupVC.swift in Sources */ = {isa = PBXBuildFile; fileRef = 951987442350D73900F56B96 /* NutritionPercentSetupVC.swift */; };
		9519874B2351043C00F56B96 /* PickerViewIndexDelegate.swift in Sources */ = {isa = PBXBuildFile; fileRef = 9519874A2351043C00F56B96 /* PickerViewIndexDelegate.swift */; };
		951D215A22F9627200A8CDB9 /* NutrientsRelativityView.swift in Sources */ = {isa = PBXBuildFile; fileRef = 951D215922F9627200A8CDB9 /* NutrientsRelativityView.swift */; };
		95231CB8230AD917009EDCB7 /* SearchVC.swift in Sources */ = {isa = PBXBuildFile; fileRef = 95231CB7230AD917009EDCB7 /* SearchVC.swift */; };
		95278CFC22FC729B00B015F7 /* DiaryCell.swift in Sources */ = {isa = PBXBuildFile; fileRef = 95278CFB22FC729A00B015F7 /* DiaryCell.swift */; };
		95278CFE22FC8EF300B015F7 /* Ration.swift in Sources */ = {isa = PBXBuildFile; fileRef = 95278CFD22FC8EF300B015F7 /* Ration.swift */; };
		952A6B6F22E246C700FD8D50 /* AvailableFoodCell.swift in Sources */ = {isa = PBXBuildFile; fileRef = 952A6B6E22E246C700FD8D50 /* AvailableFoodCell.swift */; };
		952A6B7122E2480200FD8D50 /* FoodItem.swift in Sources */ = {isa = PBXBuildFile; fileRef = 952A6B7022E2480200FD8D50 /* FoodItem.swift */; };
		952A6B7422E27B2700FD8D50 /* FoodService.swift in Sources */ = {isa = PBXBuildFile; fileRef = 952A6B7322E27B2700FD8D50 /* FoodService.swift */; };
		952A6B7622E27CEC00FD8D50 /* AviailableVC.swift in Sources */ = {isa = PBXBuildFile; fileRef = 952A6B7522E27CEC00FD8D50 /* AviailableVC.swift */; };
		95324DFF22DF6149005905FF /* AppDelegate.swift in Sources */ = {isa = PBXBuildFile; fileRef = 95324DFE22DF6149005905FF /* AppDelegate.swift */; };
		95324E0422DF6149005905FF /* Main.storyboard in Resources */ = {isa = PBXBuildFile; fileRef = 95324E0222DF6149005905FF /* Main.storyboard */; };
		95324E0622DF614C005905FF /* Assets.xcassets in Resources */ = {isa = PBXBuildFile; fileRef = 95324E0522DF614C005905FF /* Assets.xcassets */; };
		95324E0922DF614C005905FF /* LaunchScreen.storyboard in Resources */ = {isa = PBXBuildFile; fileRef = 95324E0722DF614C005905FF /* LaunchScreen.storyboard */; };
		95324E1422DF614C005905FF /* EathoTests.swift in Sources */ = {isa = PBXBuildFile; fileRef = 95324E1322DF614C005905FF /* EathoTests.swift */; };
		95324E1F22DF614C005905FF /* EathoUITests.swift in Sources */ = {isa = PBXBuildFile; fileRef = 95324E1E22DF614C005905FF /* EathoUITests.swift */; };
		95324E3122DFB978005905FF /* LoginViewController.swift in Sources */ = {isa = PBXBuildFile; fileRef = 95324E3022DFB978005905FF /* LoginViewController.swift */; };
		954002022327CA9B00AED17B /* NutritionalSettingsVC.swift in Sources */ = {isa = PBXBuildFile; fileRef = 954002012327CA9B00AED17B /* NutritionalSettingsVC.swift */; };
		954002042327CAE800AED17B /* AccountSettingsVC.swift in Sources */ = {isa = PBXBuildFile; fileRef = 954002032327CAE800AED17B /* AccountSettingsVC.swift */; };
		954002062327DAE000AED17B /* LocalizationSettingsVC.swift in Sources */ = {isa = PBXBuildFile; fileRef = 954002052327DAE000AED17B /* LocalizationSettingsVC.swift */; };
		954002082327DAF100AED17B /* ShoppingListSettingsVC.swift in Sources */ = {isa = PBXBuildFile; fileRef = 954002072327DAF100AED17B /* ShoppingListSettingsVC.swift */; };
		9540020B2327E7C300AED17B /* ShadowExtension.swift in Sources */ = {isa = PBXBuildFile; fileRef = 9540020A2327E7C300AED17B /* ShadowExtension.swift */; };
		9549B1C92320201300A53AAB /* ShadowView.swift in Sources */ = {isa = PBXBuildFile; fileRef = 9549B1C82320201300A53AAB /* ShadowView.swift */; };
		9549B1CB23204CB000A53AAB /* RationServiceNetworkExtension.swift in Sources */ = {isa = PBXBuildFile; fileRef = 9549B1CA23204CB000A53AAB /* RationServiceNetworkExtension.swift */; };
		9549B1CD23210AE000A53AAB /* Errors.swift in Sources */ = {isa = PBXBuildFile; fileRef = 9549B1CC23210AE000A53AAB /* Errors.swift */; };
		9549B1CF2321714E00A53AAB /* DateFormatter.swift in Sources */ = {isa = PBXBuildFile; fileRef = 9549B1CE2321714E00A53AAB /* DateFormatter.swift */; };
		954ED80F234788E500628BE5 /* Localizable.strings in Resources */ = {isa = PBXBuildFile; fileRef = 954ED811234788E500628BE5 /* Localizable.strings */; };
		954F4E47231DA6B30088B6DD /* RationChartView.swift in Sources */ = {isa = PBXBuildFile; fileRef = 954F4E46231DA6B30088B6DD /* RationChartView.swift */; };
		954F4E4A231E39270088B6DD /* MathUtils.swift in Sources */ = {isa = PBXBuildFile; fileRef = 954F4E49231E39270088B6DD /* MathUtils.swift */; };
		954F4E4C231E90C50088B6DD /* RationComplementVC.swift in Sources */ = {isa = PBXBuildFile; fileRef = 954F4E4B231E90C40088B6DD /* RationComplementVC.swift */; };
		95501B6D232675E400225108 /* EathoTabBarController.swift in Sources */ = {isa = PBXBuildFile; fileRef = 95501B6C232675E400225108 /* EathoTabBarController.swift */; };
		95512ABB22F0883F0038790F /* ScanBarcodeVC.swift in Sources */ = {isa = PBXBuildFile; fileRef = 95512ABA22F0883F0038790F /* ScanBarcodeVC.swift */; };
		95512ABD22F089790038790F /* RationVC.swift in Sources */ = {isa = PBXBuildFile; fileRef = 95512ABC22F089790038790F /* RationVC.swift */; };
		95512ABF22F0898A0038790F /* ShopListVC.swift in Sources */ = {isa = PBXBuildFile; fileRef = 95512ABE22F0898A0038790F /* ShopListVC.swift */; };
		95512AC122F089970038790F /* DiaryVC.swift in Sources */ = {isa = PBXBuildFile; fileRef = 95512AC022F089970038790F /* DiaryVC.swift */; };
		95512AC322F089A80038790F /* SettingsVC.swift in Sources */ = {isa = PBXBuildFile; fileRef = 95512AC222F089A80038790F /* SettingsVC.swift */; };
		95512AC522F0D3DA0038790F /* SettingsService.swift in Sources */ = {isa = PBXBuildFile; fileRef = 95512AC422F0D3DA0038790F /* SettingsService.swift */; };
		95549B9A232CF214002CD157 /* SegmentedControlCell.swift in Sources */ = {isa = PBXBuildFile; fileRef = 95549B99232CF214002CD157 /* SegmentedControlCell.swift */; };
		956D437122F2FEE00091C9C4 /* ActivityPickerVC.swift in Sources */ = {isa = PBXBuildFile; fileRef = 956D436F22F2FEE00091C9C4 /* ActivityPickerVC.swift */; };
		956D437422F316E20091C9C4 /* KeyboardBindedView.swift in Sources */ = {isa = PBXBuildFile; fileRef = 956D437322F316E20091C9C4 /* KeyboardBindedView.swift */; };
		956D437822F377820091C9C4 /* NutritionFacts.swift in Sources */ = {isa = PBXBuildFile; fileRef = 956D437722F377820091C9C4 /* NutritionFacts.swift */; };
		956D437A22F377F30091C9C4 /* UserInfo.swift in Sources */ = {isa = PBXBuildFile; fileRef = 956D437922F377F30091C9C4 /* UserInfo.swift */; };
		956D437C22F579BF0091C9C4 /* LabeledTextField.swift in Sources */ = {isa = PBXBuildFile; fileRef = 956D437B22F579BF0091C9C4 /* LabeledTextField.swift */; };
		956D437E22F6ADD40091C9C4 /* RecentPurchasesCell.swift in Sources */ = {isa = PBXBuildFile; fileRef = 956D437D22F6ADD40091C9C4 /* RecentPurchasesCell.swift */; };
		956D438022F6ADF10091C9C4 /* ShoppingListCell.swift in Sources */ = {isa = PBXBuildFile; fileRef = 956D437F22F6ADF10091C9C4 /* ShoppingListCell.swift */; };
		956D438222F6B0B60091C9C4 /* ShopListService.swift in Sources */ = {isa = PBXBuildFile; fileRef = 956D438122F6B0B60091C9C4 /* ShopListService.swift */; };
		9571892C2305C61E004A3EE3 /* Nutrition.swift in Sources */ = {isa = PBXBuildFile; fileRef = 9571892B2305C61E004A3EE3 /* Nutrition.swift */; };
		9571892E2305CB9C004A3EE3 /* Nutrient.swift in Sources */ = {isa = PBXBuildFile; fileRef = 9571892D2305CB9C004A3EE3 /* Nutrient.swift */; };
		9572F90E22E5AD7E009C7B7B /* GradientView.swift in Sources */ = {isa = PBXBuildFile; fileRef = 9572F90D22E5AD7E009C7B7B /* GradientView.swift */; };
		957E7EAC233CE45C00904D4B /* LoginScreen.storyboard in Resources */ = {isa = PBXBuildFile; fileRef = 957E7EAE233CE45C00904D4B /* LoginScreen.storyboard */; };
		957E7EB3233CE80A00904D4B /* PasswordRecoveryVC.swift in Sources */ = {isa = PBXBuildFile; fileRef = 957E7EB2233CE80A00904D4B /* PasswordRecoveryVC.swift */; };
		958195B4230ADD4D00B08C92 /* FoodVC.swift in Sources */ = {isa = PBXBuildFile; fileRef = 958195B3230ADD4D00B08C92 /* FoodVC.swift */; };
		958195B6230B22E700B08C92 /* SearchService.swift in Sources */ = {isa = PBXBuildFile; fileRef = 958195B5230B22E700B08C92 /* SearchService.swift */; };
		958195B8230B2DA100B08C92 /* Food.swift in Sources */ = {isa = PBXBuildFile; fileRef = 958195B7230B2DA100B08C92 /* Food.swift */; };
		958CD81322E971E700DC6EB6 /* AuthService.swift in Sources */ = {isa = PBXBuildFile; fileRef = 958CD81222E971E700DC6EB6 /* AuthService.swift */; };
		958CD81622E977BA00DC6EB6 /* Constants.swift in Sources */ = {isa = PBXBuildFile; fileRef = 958CD81522E977BA00DC6EB6 /* Constants.swift */; };
		958CD81822E9CEA600DC6EB6 /* EathoButton.swift in Sources */ = {isa = PBXBuildFile; fileRef = 958CD81722E9CEA600DC6EB6 /* EathoButton.swift */; };
		958CD81A22E9DB7500DC6EB6 /* RegisterVC.swift in Sources */ = {isa = PBXBuildFile; fileRef = 958CD81922E9DB7500DC6EB6 /* RegisterVC.swift */; };
		95952853233A525600707D3C /* BaseVC.swift in Sources */ = {isa = PBXBuildFile; fileRef = 95952852233A525600707D3C /* BaseVC.swift */; };
		95A05A1B22F84CC2002A35B9 /* RationFoodCell.swift in Sources */ = {isa = PBXBuildFile; fileRef = 95A05A1A22F84CC2002A35B9 /* RationFoodCell.swift */; };
		95A05A1F22F84D2B002A35B9 /* FoodCell.swift in Sources */ = {isa = PBXBuildFile; fileRef = 95A05A1D22F84D2B002A35B9 /* FoodCell.swift */; };
		95A05A2222F86D04002A35B9 /* RationService.swift in Sources */ = {isa = PBXBuildFile; fileRef = 95A05A2122F86D04002A35B9 /* RationService.swift */; };
		95A5B29D230BAA8D002F54F9 /* SearchFoodCell.swift in Sources */ = {isa = PBXBuildFile; fileRef = 95A5B29C230BAA8D002F54F9 /* SearchFoodCell.swift */; };
		95A5B29F230EDF36002F54F9 /* UserNutrition.swift in Sources */ = {isa = PBXBuildFile; fileRef = 95A5B29E230EDF35002F54F9 /* UserNutrition.swift */; };
		95AED18A2319187A00D7BE97 /* Model.xcdatamodeld in Sources */ = {isa = PBXBuildFile; fileRef = 95AED1882319187A00D7BE97 /* Model.xcdatamodeld */; };
		95AEDA08230728D10094E161 /* EditDetailsVC.swift in Sources */ = {isa = PBXBuildFile; fileRef = 95AEDA07230728D10094E161 /* EditDetailsVC.swift */; };
		95BFB58E23131A5600296CA2 /* RationNutrientsView.swift in Sources */ = {isa = PBXBuildFile; fileRef = 95BFB58D23131A5600296CA2 /* RationNutrientsView.swift */; };
		95D3DFD42306A89700685806 /* NutritionChartView.swift in Sources */ = {isa = PBXBuildFile; fileRef = 95D3DFD32306A89700685806 /* NutritionChartView.swift */; };
		95D3DFD62306E37400685806 /* EditableCell.swift in Sources */ = {isa = PBXBuildFile; fileRef = 95D3DFD52306E37400685806 /* EditableCell.swift */; };
		95D7768E233D0EBE00CD72BA /* RegisterNextVC.swift in Sources */ = {isa = PBXBuildFile; fileRef = 95D7768D233D0EBE00CD72BA /* RegisterNextVC.swift */; };
		95D77690233E2F2900CD72BA /* AuthServiceNetworkExtension.swift in Sources */ = {isa = PBXBuildFile; fileRef = 95D7768F233E2F2900CD72BA /* AuthServiceNetworkExtension.swift */; };
		95DB28BE2328D9A6004511DD /* SingleInputCell.swift in Sources */ = {isa = PBXBuildFile; fileRef = 95DB28BD2328D9A6004511DD /* SingleInputCell.swift */; };
		95DB28C0232928C0004511DD /* DoubleInputCell.swift in Sources */ = {isa = PBXBuildFile; fileRef = 95DB28BF232928C0004511DD /* DoubleInputCell.swift */; };
		95DB28C223298640004511DD /* SwitchCell.swift in Sources */ = {isa = PBXBuildFile; fileRef = 95DB28C123298640004511DD /* SwitchCell.swift */; };
		95DB28C6232A4952004511DD /* PickerSelectionCell.swift in Sources */ = {isa = PBXBuildFile; fileRef = 95DB28C5232A4952004511DD /* PickerSelectionCell.swift */; };
		95E50E1E2341F68D001A9A99 /* Network.swift in Sources */ = {isa = PBXBuildFile; fileRef = 95E50E1D2341F68D001A9A99 /* Network.swift */; };
		95EF446C230469BA00BAAE01 /* DetailsVC.swift in Sources */ = {isa = PBXBuildFile; fileRef = 95EF446B230469BA00BAAE01 /* DetailsVC.swift */; };
		95EF446E23049A6400BAAE01 /* FoodDetailsCell.swift in Sources */ = {isa = PBXBuildFile; fileRef = 95EF446D23049A6400BAAE01 /* FoodDetailsCell.swift */; };
		95F7C80B23362936003BEE5B /* ErrorExtension.swift in Sources */ = {isa = PBXBuildFile; fileRef = 95F7C80A23362936003BEE5B /* ErrorExtension.swift */; };
		95F7C80D23362D9F003BEE5B /* AlertVC.swift in Sources */ = {isa = PBXBuildFile; fileRef = 95F7C80C23362D9F003BEE5B /* AlertVC.swift */; };
		95F9711D22EE438600BD6B87 /* CreationVC.swift in Sources */ = {isa = PBXBuildFile; fileRef = 95F9711C22EE438600BD6B87 /* CreationVC.swift */; };
		95F9711F22EE45AE00BD6B87 /* BarcodeButton.swift in Sources */ = {isa = PBXBuildFile; fileRef = 95F9711E22EE45AE00BD6B87 /* BarcodeButton.swift */; };
		95FD9AA1234CAF9600D803E1 /* Service.swift in Sources */ = {isa = PBXBuildFile; fileRef = 95FD9AA0234CAF9600D803E1 /* Service.swift */; };
		95FD9AA5234F5BCC00D803E1 /* NutritionSettingsVC.swift in Sources */ = {isa = PBXBuildFile; fileRef = 95FD9AA4234F5BCC00D803E1 /* NutritionSettingsVC.swift */; };
		95FD9AA7234F72DE00D803E1 /* StringExtension.swift in Sources */ = {isa = PBXBuildFile; fileRef = 95FD9AA6234F72DE00D803E1 /* StringExtension.swift */; };
		95FD9AA9234FC3B100D803E1 /* UserNutritionChartView.swift in Sources */ = {isa = PBXBuildFile; fileRef = 95FD9AA8234FC3B100D803E1 /* UserNutritionChartView.swift */; };
		98770598EA10BDF9C007DAE1 /* Pods_EathoTests.framework in Frameworks */ = {isa = PBXBuildFile; fileRef = 35640F6AB094A3B244160383 /* Pods_EathoTests.framework */; };
/* End PBXBuildFile section */

/* Begin PBXContainerItemProxy section */
		95324E1022DF614C005905FF /* PBXContainerItemProxy */ = {
			isa = PBXContainerItemProxy;
			containerPortal = 95324DF322DF6149005905FF /* Project object */;
			proxyType = 1;
			remoteGlobalIDString = 95324DFA22DF6149005905FF;
			remoteInfo = Eatho;
		};
		95324E1B22DF614C005905FF /* PBXContainerItemProxy */ = {
			isa = PBXContainerItemProxy;
			containerPortal = 95324DF322DF6149005905FF /* Project object */;
			proxyType = 1;
			remoteGlobalIDString = 95324DFA22DF6149005905FF;
			remoteInfo = Eatho;
		};
/* End PBXContainerItemProxy section */

/* Begin PBXFileReference section */
		04FD72AD352C50EF62329B76 /* Pods-EathoTests.debug.xcconfig */ = {isa = PBXFileReference; includeInIndex = 1; lastKnownFileType = text.xcconfig; name = "Pods-EathoTests.debug.xcconfig"; path = "Pods/Target Support Files/Pods-EathoTests/Pods-EathoTests.debug.xcconfig"; sourceTree = "<group>"; };
		142E855D6C0C1D8AA58774A3 /* Pods-EathoUITests.debug.xcconfig */ = {isa = PBXFileReference; includeInIndex = 1; lastKnownFileType = text.xcconfig; name = "Pods-EathoUITests.debug.xcconfig"; path = "Pods/Target Support Files/Pods-EathoUITests/Pods-EathoUITests.debug.xcconfig"; sourceTree = "<group>"; };
		197C9F9B51518FA54D5A6493 /* Pods-Eatho.debug.xcconfig */ = {isa = PBXFileReference; includeInIndex = 1; lastKnownFileType = text.xcconfig; name = "Pods-Eatho.debug.xcconfig"; path = "Pods/Target Support Files/Pods-Eatho/Pods-Eatho.debug.xcconfig"; sourceTree = "<group>"; };
		35640F6AB094A3B244160383 /* Pods_EathoTests.framework */ = {isa = PBXFileReference; explicitFileType = wrapper.framework; includeInIndex = 0; path = Pods_EathoTests.framework; sourceTree = BUILT_PRODUCTS_DIR; };
		36AD52F2716503097A998B10 /* Pods-EathoUITests.release.xcconfig */ = {isa = PBXFileReference; includeInIndex = 1; lastKnownFileType = text.xcconfig; name = "Pods-EathoUITests.release.xcconfig"; path = "Pods/Target Support Files/Pods-EathoUITests/Pods-EathoUITests.release.xcconfig"; sourceTree = "<group>"; };
		3FECFA2A60F5B417A9CB9D8B /* Pods-EathoTests.release.xcconfig */ = {isa = PBXFileReference; includeInIndex = 1; lastKnownFileType = text.xcconfig; name = "Pods-EathoTests.release.xcconfig"; path = "Pods/Target Support Files/Pods-EathoTests/Pods-EathoTests.release.xcconfig"; sourceTree = "<group>"; };
		41FFFBAE1CF841C989C04427 /* Pods-Eatho.release.xcconfig */ = {isa = PBXFileReference; includeInIndex = 1; lastKnownFileType = text.xcconfig; name = "Pods-Eatho.release.xcconfig"; path = "Pods/Target Support Files/Pods-Eatho/Pods-Eatho.release.xcconfig"; sourceTree = "<group>"; };
		43BE0B36E6F0609A4647006C /* Pods_EathoUITests.framework */ = {isa = PBXFileReference; explicitFileType = wrapper.framework; includeInIndex = 0; path = Pods_EathoUITests.framework; sourceTree = BUILT_PRODUCTS_DIR; };
		950236A62348AF9A0059DA8B /* URLs.swift */ = {isa = PBXFileReference; lastKnownFileType = sourcecode.swift; path = URLs.swift; sourceTree = "<group>"; };
		950236A82348AFBF0059DA8B /* Colors.swift */ = {isa = PBXFileReference; lastKnownFileType = sourcecode.swift; path = Colors.swift; sourceTree = "<group>"; };
		951460C5231E97A100B5C04D /* FoodServiceNetworkExtension.swift */ = {isa = PBXFileReference; lastKnownFileType = sourcecode.swift; path = FoodServiceNetworkExtension.swift; sourceTree = "<group>"; };
		951460C7231EB55500B5C04D /* RationInsertionFoodCell.swift */ = {isa = PBXFileReference; lastKnownFileType = sourcecode.swift; path = RationInsertionFoodCell.swift; sourceTree = "<group>"; };
		951460C9231F053200B5C04D /* ComplementParamsModalVC.swift */ = {isa = PBXFileReference; lastKnownFileType = sourcecode.swift; path = ComplementParamsModalVC.swift; sourceTree = "<group>"; };
		9519873F2350D70400F56B96 /* AutomaticNutritionCalculationsVC.swift */ = {isa = PBXFileReference; lastKnownFileType = sourcecode.swift; path = AutomaticNutritionCalculationsVC.swift; sourceTree = "<group>"; };
		951987422350D72700F56B96 /* NutritionGramsSetupVC.swift */ = {isa = PBXFileReference; lastKnownFileType = sourcecode.swift; path = NutritionGramsSetupVC.swift; sourceTree = "<group>"; };
		951987442350D73900F56B96 /* NutritionPercentSetupVC.swift */ = {isa = PBXFileReference; lastKnownFileType = sourcecode.swift; path = NutritionPercentSetupVC.swift; sourceTree = "<group>"; };
		951987462350DC7600F56B96 /* ru */ = {isa = PBXFileReference; lastKnownFileType = text.plist.strings; name = ru; path = ru.lproj/Main.strings; sourceTree = "<group>"; };
		9519874A2351043C00F56B96 /* PickerViewIndexDelegate.swift */ = {isa = PBXFileReference; lastKnownFileType = sourcecode.swift; path = PickerViewIndexDelegate.swift; sourceTree = "<group>"; };
		951D215922F9627200A8CDB9 /* NutrientsRelativityView.swift */ = {isa = PBXFileReference; lastKnownFileType = sourcecode.swift; path = NutrientsRelativityView.swift; sourceTree = "<group>"; };
		95231CB7230AD917009EDCB7 /* SearchVC.swift */ = {isa = PBXFileReference; lastKnownFileType = sourcecode.swift; path = SearchVC.swift; sourceTree = "<group>"; };
		95278CFB22FC729A00B015F7 /* DiaryCell.swift */ = {isa = PBXFileReference; lastKnownFileType = sourcecode.swift; path = DiaryCell.swift; sourceTree = "<group>"; };
		95278CFD22FC8EF300B015F7 /* Ration.swift */ = {isa = PBXFileReference; lastKnownFileType = sourcecode.swift; path = Ration.swift; sourceTree = "<group>"; };
		952A6B6E22E246C700FD8D50 /* AvailableFoodCell.swift */ = {isa = PBXFileReference; lastKnownFileType = sourcecode.swift; path = AvailableFoodCell.swift; sourceTree = "<group>"; };
		952A6B7022E2480200FD8D50 /* FoodItem.swift */ = {isa = PBXFileReference; lastKnownFileType = sourcecode.swift; path = FoodItem.swift; sourceTree = "<group>"; };
		952A6B7322E27B2700FD8D50 /* FoodService.swift */ = {isa = PBXFileReference; lastKnownFileType = sourcecode.swift; path = FoodService.swift; sourceTree = "<group>"; };
		952A6B7522E27CEC00FD8D50 /* AviailableVC.swift */ = {isa = PBXFileReference; lastKnownFileType = sourcecode.swift; path = AviailableVC.swift; sourceTree = "<group>"; };
		95324DFB22DF6149005905FF /* Eatho.app */ = {isa = PBXFileReference; explicitFileType = wrapper.application; includeInIndex = 0; path = Eatho.app; sourceTree = BUILT_PRODUCTS_DIR; };
		95324DFE22DF6149005905FF /* AppDelegate.swift */ = {isa = PBXFileReference; lastKnownFileType = sourcecode.swift; path = AppDelegate.swift; sourceTree = "<group>"; };
		95324E0322DF6149005905FF /* Base */ = {isa = PBXFileReference; lastKnownFileType = file.storyboard; name = Base; path = Base.lproj/Main.storyboard; sourceTree = "<group>"; };
		95324E0522DF614C005905FF /* Assets.xcassets */ = {isa = PBXFileReference; lastKnownFileType = folder.assetcatalog; path = Assets.xcassets; sourceTree = "<group>"; };
		95324E0822DF614C005905FF /* Base */ = {isa = PBXFileReference; lastKnownFileType = file.storyboard; name = Base; path = Base.lproj/LaunchScreen.storyboard; sourceTree = "<group>"; };
		95324E0A22DF614C005905FF /* Info.plist */ = {isa = PBXFileReference; lastKnownFileType = text.plist.xml; path = Info.plist; sourceTree = "<group>"; };
		95324E0F22DF614C005905FF /* EathoTests.xctest */ = {isa = PBXFileReference; explicitFileType = wrapper.cfbundle; includeInIndex = 0; path = EathoTests.xctest; sourceTree = BUILT_PRODUCTS_DIR; };
		95324E1322DF614C005905FF /* EathoTests.swift */ = {isa = PBXFileReference; lastKnownFileType = sourcecode.swift; path = EathoTests.swift; sourceTree = "<group>"; };
		95324E1522DF614C005905FF /* Info.plist */ = {isa = PBXFileReference; lastKnownFileType = text.plist.xml; path = Info.plist; sourceTree = "<group>"; };
		95324E1A22DF614C005905FF /* EathoUITests.xctest */ = {isa = PBXFileReference; explicitFileType = wrapper.cfbundle; includeInIndex = 0; path = EathoUITests.xctest; sourceTree = BUILT_PRODUCTS_DIR; };
		95324E1E22DF614C005905FF /* EathoUITests.swift */ = {isa = PBXFileReference; lastKnownFileType = sourcecode.swift; path = EathoUITests.swift; sourceTree = "<group>"; };
		95324E2022DF614C005905FF /* Info.plist */ = {isa = PBXFileReference; lastKnownFileType = text.plist.xml; path = Info.plist; sourceTree = "<group>"; };
		95324E3022DFB978005905FF /* LoginViewController.swift */ = {isa = PBXFileReference; lastKnownFileType = sourcecode.swift; path = LoginViewController.swift; sourceTree = "<group>"; };
		954002012327CA9B00AED17B /* NutritionalSettingsVC.swift */ = {isa = PBXFileReference; lastKnownFileType = sourcecode.swift; path = NutritionalSettingsVC.swift; sourceTree = "<group>"; };
		954002032327CAE800AED17B /* AccountSettingsVC.swift */ = {isa = PBXFileReference; lastKnownFileType = sourcecode.swift; path = AccountSettingsVC.swift; sourceTree = "<group>"; };
		954002052327DAE000AED17B /* LocalizationSettingsVC.swift */ = {isa = PBXFileReference; lastKnownFileType = sourcecode.swift; path = LocalizationSettingsVC.swift; sourceTree = "<group>"; };
		954002072327DAF100AED17B /* ShoppingListSettingsVC.swift */ = {isa = PBXFileReference; lastKnownFileType = sourcecode.swift; path = ShoppingListSettingsVC.swift; sourceTree = "<group>"; };
		9540020A2327E7C300AED17B /* ShadowExtension.swift */ = {isa = PBXFileReference; lastKnownFileType = sourcecode.swift; path = ShadowExtension.swift; sourceTree = "<group>"; };
		9549B1C82320201300A53AAB /* ShadowView.swift */ = {isa = PBXFileReference; lastKnownFileType = sourcecode.swift; path = ShadowView.swift; sourceTree = "<group>"; };
		9549B1CA23204CB000A53AAB /* RationServiceNetworkExtension.swift */ = {isa = PBXFileReference; lastKnownFileType = sourcecode.swift; path = RationServiceNetworkExtension.swift; sourceTree = "<group>"; };
		9549B1CC23210AE000A53AAB /* Errors.swift */ = {isa = PBXFileReference; lastKnownFileType = sourcecode.swift; path = Errors.swift; sourceTree = "<group>"; };
		9549B1CE2321714E00A53AAB /* DateFormatter.swift */ = {isa = PBXFileReference; lastKnownFileType = sourcecode.swift; path = DateFormatter.swift; sourceTree = "<group>"; };
		954ED80C234786B900628BE5 /* ru */ = {isa = PBXFileReference; lastKnownFileType = text.plist.strings; name = ru; path = ru.lproj/LoginScreen.strings; sourceTree = "<group>"; };
		954ED810234788E500628BE5 /* ru */ = {isa = PBXFileReference; lastKnownFileType = text.plist.strings; name = ru; path = ru.lproj/Localizable.strings; sourceTree = "<group>"; };
		954F4E46231DA6B30088B6DD /* RationChartView.swift */ = {isa = PBXFileReference; lastKnownFileType = sourcecode.swift; path = RationChartView.swift; sourceTree = "<group>"; };
		954F4E49231E39270088B6DD /* MathUtils.swift */ = {isa = PBXFileReference; lastKnownFileType = sourcecode.swift; path = MathUtils.swift; sourceTree = "<group>"; };
		954F4E4B231E90C40088B6DD /* RationComplementVC.swift */ = {isa = PBXFileReference; lastKnownFileType = sourcecode.swift; path = RationComplementVC.swift; sourceTree = "<group>"; };
		95501B6C232675E400225108 /* EathoTabBarController.swift */ = {isa = PBXFileReference; lastKnownFileType = sourcecode.swift; path = EathoTabBarController.swift; sourceTree = "<group>"; };
		95512ABA22F0883F0038790F /* ScanBarcodeVC.swift */ = {isa = PBXFileReference; lastKnownFileType = sourcecode.swift; path = ScanBarcodeVC.swift; sourceTree = "<group>"; };
		95512ABC22F089790038790F /* RationVC.swift */ = {isa = PBXFileReference; lastKnownFileType = sourcecode.swift; path = RationVC.swift; sourceTree = "<group>"; };
		95512ABE22F0898A0038790F /* ShopListVC.swift */ = {isa = PBXFileReference; lastKnownFileType = sourcecode.swift; path = ShopListVC.swift; sourceTree = "<group>"; };
		95512AC022F089970038790F /* DiaryVC.swift */ = {isa = PBXFileReference; lastKnownFileType = sourcecode.swift; path = DiaryVC.swift; sourceTree = "<group>"; };
		95512AC222F089A80038790F /* SettingsVC.swift */ = {isa = PBXFileReference; lastKnownFileType = sourcecode.swift; path = SettingsVC.swift; sourceTree = "<group>"; };
		95512AC422F0D3DA0038790F /* SettingsService.swift */ = {isa = PBXFileReference; lastKnownFileType = sourcecode.swift; path = SettingsService.swift; sourceTree = "<group>"; };
		95549B99232CF214002CD157 /* SegmentedControlCell.swift */ = {isa = PBXFileReference; lastKnownFileType = sourcecode.swift; path = SegmentedControlCell.swift; sourceTree = "<group>"; };
		956D436F22F2FEE00091C9C4 /* ActivityPickerVC.swift */ = {isa = PBXFileReference; lastKnownFileType = sourcecode.swift; path = ActivityPickerVC.swift; sourceTree = "<group>"; };
		956D437322F316E20091C9C4 /* KeyboardBindedView.swift */ = {isa = PBXFileReference; lastKnownFileType = sourcecode.swift; path = KeyboardBindedView.swift; sourceTree = "<group>"; };
		956D437722F377820091C9C4 /* NutritionFacts.swift */ = {isa = PBXFileReference; lastKnownFileType = sourcecode.swift; path = NutritionFacts.swift; sourceTree = "<group>"; };
		956D437922F377F30091C9C4 /* UserInfo.swift */ = {isa = PBXFileReference; lastKnownFileType = sourcecode.swift; path = UserInfo.swift; sourceTree = "<group>"; };
		956D437B22F579BF0091C9C4 /* LabeledTextField.swift */ = {isa = PBXFileReference; lastKnownFileType = sourcecode.swift; path = LabeledTextField.swift; sourceTree = "<group>"; };
		956D437D22F6ADD40091C9C4 /* RecentPurchasesCell.swift */ = {isa = PBXFileReference; lastKnownFileType = sourcecode.swift; path = RecentPurchasesCell.swift; sourceTree = "<group>"; };
		956D437F22F6ADF10091C9C4 /* ShoppingListCell.swift */ = {isa = PBXFileReference; lastKnownFileType = sourcecode.swift; path = ShoppingListCell.swift; sourceTree = "<group>"; };
		956D438122F6B0B60091C9C4 /* ShopListService.swift */ = {isa = PBXFileReference; lastKnownFileType = sourcecode.swift; path = ShopListService.swift; sourceTree = "<group>"; };
		9571892B2305C61E004A3EE3 /* Nutrition.swift */ = {isa = PBXFileReference; lastKnownFileType = sourcecode.swift; path = Nutrition.swift; sourceTree = "<group>"; };
		9571892D2305CB9C004A3EE3 /* Nutrient.swift */ = {isa = PBXFileReference; lastKnownFileType = sourcecode.swift; path = Nutrient.swift; sourceTree = "<group>"; };
		9572F90D22E5AD7E009C7B7B /* GradientView.swift */ = {isa = PBXFileReference; lastKnownFileType = sourcecode.swift; path = GradientView.swift; sourceTree = "<group>"; };
		957E7EAF233CE46100904D4B /* Base */ = {isa = PBXFileReference; lastKnownFileType = file.storyboard; name = Base; path = Base.lproj/LoginScreen.storyboard; sourceTree = "<group>"; };
		957E7EB2233CE80A00904D4B /* PasswordRecoveryVC.swift */ = {isa = PBXFileReference; lastKnownFileType = sourcecode.swift; path = PasswordRecoveryVC.swift; sourceTree = "<group>"; };
		958195B3230ADD4D00B08C92 /* FoodVC.swift */ = {isa = PBXFileReference; lastKnownFileType = sourcecode.swift; path = FoodVC.swift; sourceTree = "<group>"; };
		958195B5230B22E700B08C92 /* SearchService.swift */ = {isa = PBXFileReference; lastKnownFileType = sourcecode.swift; path = SearchService.swift; sourceTree = "<group>"; };
		958195B7230B2DA100B08C92 /* Food.swift */ = {isa = PBXFileReference; lastKnownFileType = sourcecode.swift; path = Food.swift; sourceTree = "<group>"; };
		958CD81222E971E700DC6EB6 /* AuthService.swift */ = {isa = PBXFileReference; lastKnownFileType = sourcecode.swift; path = AuthService.swift; sourceTree = "<group>"; };
		958CD81522E977BA00DC6EB6 /* Constants.swift */ = {isa = PBXFileReference; lastKnownFileType = sourcecode.swift; path = Constants.swift; sourceTree = "<group>"; };
		958CD81722E9CEA600DC6EB6 /* EathoButton.swift */ = {isa = PBXFileReference; lastKnownFileType = sourcecode.swift; path = EathoButton.swift; sourceTree = "<group>"; };
		958CD81922E9DB7500DC6EB6 /* RegisterVC.swift */ = {isa = PBXFileReference; lastKnownFileType = sourcecode.swift; path = RegisterVC.swift; sourceTree = "<group>"; };
		95952852233A525600707D3C /* BaseVC.swift */ = {isa = PBXFileReference; lastKnownFileType = sourcecode.swift; path = BaseVC.swift; sourceTree = "<group>"; };
		95A05A1A22F84CC2002A35B9 /* RationFoodCell.swift */ = {isa = PBXFileReference; lastKnownFileType = sourcecode.swift; path = RationFoodCell.swift; sourceTree = "<group>"; };
		95A05A1D22F84D2B002A35B9 /* FoodCell.swift */ = {isa = PBXFileReference; lastKnownFileType = sourcecode.swift; path = FoodCell.swift; sourceTree = "<group>"; };
		95A05A2122F86D04002A35B9 /* RationService.swift */ = {isa = PBXFileReference; lastKnownFileType = sourcecode.swift; path = RationService.swift; sourceTree = "<group>"; };
		95A5835D231817E80041D797 /* ru */ = {isa = PBXFileReference; lastKnownFileType = text.plist.strings; name = ru; path = ru.lproj/LaunchScreen.strings; sourceTree = "<group>"; };
		95A5B29C230BAA8D002F54F9 /* SearchFoodCell.swift */ = {isa = PBXFileReference; lastKnownFileType = sourcecode.swift; path = SearchFoodCell.swift; sourceTree = "<group>"; };
		95A5B29E230EDF35002F54F9 /* UserNutrition.swift */ = {isa = PBXFileReference; lastKnownFileType = sourcecode.swift; path = UserNutrition.swift; sourceTree = "<group>"; };
		95AED1892319187A00D7BE97 /* Model.xcdatamodel */ = {isa = PBXFileReference; lastKnownFileType = wrapper.xcdatamodel; path = Model.xcdatamodel; sourceTree = "<group>"; };
		95AEDA07230728D10094E161 /* EditDetailsVC.swift */ = {isa = PBXFileReference; lastKnownFileType = sourcecode.swift; path = EditDetailsVC.swift; sourceTree = "<group>"; };
		95BFB58D23131A5600296CA2 /* RationNutrientsView.swift */ = {isa = PBXFileReference; lastKnownFileType = sourcecode.swift; path = RationNutrientsView.swift; sourceTree = "<group>"; };
		95D3DFD32306A89700685806 /* NutritionChartView.swift */ = {isa = PBXFileReference; lastKnownFileType = sourcecode.swift; path = NutritionChartView.swift; sourceTree = "<group>"; };
		95D3DFD52306E37400685806 /* EditableCell.swift */ = {isa = PBXFileReference; lastKnownFileType = sourcecode.swift; path = EditableCell.swift; sourceTree = "<group>"; };
		95D7768D233D0EBE00CD72BA /* RegisterNextVC.swift */ = {isa = PBXFileReference; lastKnownFileType = sourcecode.swift; path = RegisterNextVC.swift; sourceTree = "<group>"; };
		95D7768F233E2F2900CD72BA /* AuthServiceNetworkExtension.swift */ = {isa = PBXFileReference; lastKnownFileType = sourcecode.swift; path = AuthServiceNetworkExtension.swift; sourceTree = "<group>"; };
		95DB28BD2328D9A6004511DD /* SingleInputCell.swift */ = {isa = PBXFileReference; lastKnownFileType = sourcecode.swift; path = SingleInputCell.swift; sourceTree = "<group>"; };
		95DB28BF232928C0004511DD /* DoubleInputCell.swift */ = {isa = PBXFileReference; lastKnownFileType = sourcecode.swift; path = DoubleInputCell.swift; sourceTree = "<group>"; };
		95DB28C123298640004511DD /* SwitchCell.swift */ = {isa = PBXFileReference; lastKnownFileType = sourcecode.swift; path = SwitchCell.swift; sourceTree = "<group>"; };
		95DB28C5232A4952004511DD /* PickerSelectionCell.swift */ = {isa = PBXFileReference; lastKnownFileType = sourcecode.swift; path = PickerSelectionCell.swift; sourceTree = "<group>"; };
		95E50E1D2341F68D001A9A99 /* Network.swift */ = {isa = PBXFileReference; lastKnownFileType = sourcecode.swift; path = Network.swift; sourceTree = "<group>"; };
		95EF446B230469BA00BAAE01 /* DetailsVC.swift */ = {isa = PBXFileReference; lastKnownFileType = sourcecode.swift; path = DetailsVC.swift; sourceTree = "<group>"; };
		95EF446D23049A6400BAAE01 /* FoodDetailsCell.swift */ = {isa = PBXFileReference; lastKnownFileType = sourcecode.swift; path = FoodDetailsCell.swift; sourceTree = "<group>"; };
		95F7C80A23362936003BEE5B /* ErrorExtension.swift */ = {isa = PBXFileReference; lastKnownFileType = sourcecode.swift; path = ErrorExtension.swift; sourceTree = "<group>"; };
		95F7C80C23362D9F003BEE5B /* AlertVC.swift */ = {isa = PBXFileReference; lastKnownFileType = sourcecode.swift; path = AlertVC.swift; sourceTree = "<group>"; };
		95F9711C22EE438600BD6B87 /* CreationVC.swift */ = {isa = PBXFileReference; lastKnownFileType = sourcecode.swift; path = CreationVC.swift; sourceTree = "<group>"; };
		95F9711E22EE45AE00BD6B87 /* BarcodeButton.swift */ = {isa = PBXFileReference; lastKnownFileType = sourcecode.swift; path = BarcodeButton.swift; sourceTree = "<group>"; };
		95FD9AA0234CAF9600D803E1 /* Service.swift */ = {isa = PBXFileReference; lastKnownFileType = sourcecode.swift; path = Service.swift; sourceTree = "<group>"; };
		95FD9AA4234F5BCC00D803E1 /* NutritionSettingsVC.swift */ = {isa = PBXFileReference; lastKnownFileType = sourcecode.swift; path = NutritionSettingsVC.swift; sourceTree = "<group>"; };
		95FD9AA6234F72DE00D803E1 /* StringExtension.swift */ = {isa = PBXFileReference; lastKnownFileType = sourcecode.swift; path = StringExtension.swift; sourceTree = "<group>"; };
		95FD9AA8234FC3B100D803E1 /* UserNutritionChartView.swift */ = {isa = PBXFileReference; lastKnownFileType = sourcecode.swift; path = UserNutritionChartView.swift; sourceTree = "<group>"; };
		C38E2536262A0E9DCB29F5F0 /* Pods_Eatho.framework */ = {isa = PBXFileReference; explicitFileType = wrapper.framework; includeInIndex = 0; path = Pods_Eatho.framework; sourceTree = BUILT_PRODUCTS_DIR; };
/* End PBXFileReference section */

/* Begin PBXFrameworksBuildPhase section */
		95324DF822DF6149005905FF /* Frameworks */ = {
			isa = PBXFrameworksBuildPhase;
			buildActionMask = 2147483647;
			files = (
				2A1DAB6A1374B9867D349312 /* Pods_Eatho.framework in Frameworks */,
			);
			runOnlyForDeploymentPostprocessing = 0;
		};
		95324E0C22DF614C005905FF /* Frameworks */ = {
			isa = PBXFrameworksBuildPhase;
			buildActionMask = 2147483647;
			files = (
				98770598EA10BDF9C007DAE1 /* Pods_EathoTests.framework in Frameworks */,
			);
			runOnlyForDeploymentPostprocessing = 0;
		};
		95324E1722DF614C005905FF /* Frameworks */ = {
			isa = PBXFrameworksBuildPhase;
			buildActionMask = 2147483647;
			files = (
				20EAFAAAEB8C00A73E7F3CA3 /* Pods_EathoUITests.framework in Frameworks */,
			);
			runOnlyForDeploymentPostprocessing = 0;
		};
/* End PBXFrameworksBuildPhase section */

/* Begin PBXGroup section */
		0F89C8096D5D5D04176276C8 /* Frameworks */ = {
			isa = PBXGroup;
			children = (
				C38E2536262A0E9DCB29F5F0 /* Pods_Eatho.framework */,
				35640F6AB094A3B244160383 /* Pods_EathoTests.framework */,
				43BE0B36E6F0609A4647006C /* Pods_EathoUITests.framework */,
			);
			name = Frameworks;
			sourceTree = "<group>";
		};
		493D241661436CC6E57462C7 /* Pods */ = {
			isa = PBXGroup;
			children = (
				197C9F9B51518FA54D5A6493 /* Pods-Eatho.debug.xcconfig */,
				41FFFBAE1CF841C989C04427 /* Pods-Eatho.release.xcconfig */,
				04FD72AD352C50EF62329B76 /* Pods-EathoTests.debug.xcconfig */,
				3FECFA2A60F5B417A9CB9D8B /* Pods-EathoTests.release.xcconfig */,
				142E855D6C0C1D8AA58774A3 /* Pods-EathoUITests.debug.xcconfig */,
				36AD52F2716503097A998B10 /* Pods-EathoUITests.release.xcconfig */,
			);
			name = Pods;
			sourceTree = "<group>";
		};
		951987492351041300F56B96 /* Protocols */ = {
			isa = PBXGroup;
			children = (
				9519874A2351043C00F56B96 /* PickerViewIndexDelegate.swift */,
			);
			path = Protocols;
			sourceTree = "<group>";
		};
		952A6B7222E27B1300FD8D50 /* Service */ = {
			isa = PBXGroup;
			children = (
				954F4E4D231E96CC0088B6DD /* Network */,
				958CD81222E971E700DC6EB6 /* AuthService.swift */,
				952A6B7322E27B2700FD8D50 /* FoodService.swift */,
				95A05A2122F86D04002A35B9 /* RationService.swift */,
				95512AC422F0D3DA0038790F /* SettingsService.swift */,
				956D438122F6B0B60091C9C4 /* ShopListService.swift */,
				958195B5230B22E700B08C92 /* SearchService.swift */,
				95FD9AA0234CAF9600D803E1 /* Service.swift */,
			);
			path = Service;
			sourceTree = "<group>";
		};
		95324DF222DF6149005905FF = {
			isa = PBXGroup;
			children = (
				95324DFD22DF6149005905FF /* Eatho */,
				95324E1222DF614C005905FF /* EathoTests */,
				95324E1D22DF614C005905FF /* EathoUITests */,
				95324DFC22DF6149005905FF /* Products */,
				493D241661436CC6E57462C7 /* Pods */,
				0F89C8096D5D5D04176276C8 /* Frameworks */,
			);
			sourceTree = "<group>";
		};
		95324DFC22DF6149005905FF /* Products */ = {
			isa = PBXGroup;
			children = (
				95324DFB22DF6149005905FF /* Eatho.app */,
				95324E0F22DF614C005905FF /* EathoTests.xctest */,
				95324E1A22DF614C005905FF /* EathoUITests.xctest */,
			);
			name = Products;
			sourceTree = "<group>";
		};
		95324DFD22DF6149005905FF /* Eatho */ = {
			isa = PBXGroup;
			children = (
				95A5835E23181E160041D797 /* Extension */,
				958CD81422E977A500DC6EB6 /* Utilities */,
				951987492351041300F56B96 /* Protocols */,
				952A6B7222E27B1300FD8D50 /* Service */,
				95324E2E22DF616F005905FF /* Controller */,
				95324E2D22DF6168005905FF /* View */,
				95324E2C22DF615C005905FF /* Model */,
				95324DFE22DF6149005905FF /* AppDelegate.swift */,
				95324E0222DF6149005905FF /* Main.storyboard */,
				95324E0522DF614C005905FF /* Assets.xcassets */,
				95324E0722DF614C005905FF /* LaunchScreen.storyboard */,
				957E7EAE233CE45C00904D4B /* LoginScreen.storyboard */,
				95324E0A22DF614C005905FF /* Info.plist */,
				95AED1882319187A00D7BE97 /* Model.xcdatamodeld */,
				954ED811234788E500628BE5 /* Localizable.strings */,
			);
			path = Eatho;
			sourceTree = "<group>";
		};
		95324E1222DF614C005905FF /* EathoTests */ = {
			isa = PBXGroup;
			children = (
				95324E1322DF614C005905FF /* EathoTests.swift */,
				95324E1522DF614C005905FF /* Info.plist */,
			);
			path = EathoTests;
			sourceTree = "<group>";
		};
		95324E1D22DF614C005905FF /* EathoUITests */ = {
			isa = PBXGroup;
			children = (
				95324E1E22DF614C005905FF /* EathoUITests.swift */,
				95324E2022DF614C005905FF /* Info.plist */,
			);
			path = EathoUITests;
			sourceTree = "<group>";
		};
		95324E2C22DF615C005905FF /* Model */ = {
			isa = PBXGroup;
			children = (
				958195B7230B2DA100B08C92 /* Food.swift */,
				952A6B7022E2480200FD8D50 /* FoodItem.swift */,
				956D437722F377820091C9C4 /* NutritionFacts.swift */,
				95A5B29E230EDF35002F54F9 /* UserNutrition.swift */,
				9571892B2305C61E004A3EE3 /* Nutrition.swift */,
				9571892D2305CB9C004A3EE3 /* Nutrient.swift */,
				956D437922F377F30091C9C4 /* UserInfo.swift */,
				95278CFD22FC8EF300B015F7 /* Ration.swift */,
			);
			path = Model;
			sourceTree = "<group>";
		};
		95324E2D22DF6168005905FF /* View */ = {
			isa = PBXGroup;
			children = (
				95549B98232BDFFD002CD157 /* Charts */,
				954002092327E73F00AED17B /* Basic */,
				95EF446A2303CEF500BAAE01 /* Cell */,
			);
			path = View;
			sourceTree = "<group>";
		};
		95324E2E22DF616F005905FF /* Controller */ = {
			isa = PBXGroup;
			children = (
				95A9984D22F81D85007DE2A4 /* AuthControllers */,
				95A9984F22F81DD4007DE2A4 /* Available */,
				95CF82872313DDA50058CC7C /* ShoppingList */,
				954F4E44231D42BB0088B6DD /* Ration */,
				954F4E45231D42CE0088B6DD /* Diary */,
				956D436E22F2FEB50091C9C4 /* Settings */,
				95501B6B232675AE00225108 /* Utils */,
				95952852233A525600707D3C /* BaseVC.swift */,
			);
			path = Controller;
			sourceTree = "<group>";
		};
		954002092327E73F00AED17B /* Basic */ = {
			isa = PBXGroup;
			children = (
				95F9711E22EE45AE00BD6B87 /* BarcodeButton.swift */,
				9549B1C82320201300A53AAB /* ShadowView.swift */,
				9572F90D22E5AD7E009C7B7B /* GradientView.swift */,
				958CD81722E9CEA600DC6EB6 /* EathoButton.swift */,
				956D437B22F579BF0091C9C4 /* LabeledTextField.swift */,
			);
			path = Basic;
			sourceTree = "<group>";
		};
		954F4E44231D42BB0088B6DD /* Ration */ = {
			isa = PBXGroup;
			children = (
				95512ABC22F089790038790F /* RationVC.swift */,
				954F4E4B231E90C40088B6DD /* RationComplementVC.swift */,
				951460C9231F053200B5C04D /* ComplementParamsModalVC.swift */,
			);
			path = Ration;
			sourceTree = "<group>";
		};
		954F4E45231D42CE0088B6DD /* Diary */ = {
			isa = PBXGroup;
			children = (
				95512AC022F089970038790F /* DiaryVC.swift */,
			);
			path = Diary;
			sourceTree = "<group>";
		};
		954F4E4D231E96CC0088B6DD /* Network */ = {
			isa = PBXGroup;
			children = (
				95D7768F233E2F2900CD72BA /* AuthServiceNetworkExtension.swift */,
				951460C5231E97A100B5C04D /* FoodServiceNetworkExtension.swift */,
				9549B1CA23204CB000A53AAB /* RationServiceNetworkExtension.swift */,
				95E50E1D2341F68D001A9A99 /* Network.swift */,
			);
			path = Network;
			sourceTree = "<group>";
		};
		95501B6B232675AE00225108 /* Utils */ = {
			isa = PBXGroup;
			children = (
				95501B6C232675E400225108 /* EathoTabBarController.swift */,
				95F7C80C23362D9F003BEE5B /* AlertVC.swift */,
			);
			path = Utils;
			sourceTree = "<group>";
		};
		95549B98232BDFFD002CD157 /* Charts */ = {
			isa = PBXGroup;
			children = (
				951D215922F9627200A8CDB9 /* NutrientsRelativityView.swift */,
				95D3DFD32306A89700685806 /* NutritionChartView.swift */,
				954F4E46231DA6B30088B6DD /* RationChartView.swift */,
				95BFB58D23131A5600296CA2 /* RationNutrientsView.swift */,
				95FD9AA8234FC3B100D803E1 /* UserNutritionChartView.swift */,
			);
			path = Charts;
			sourceTree = "<group>";
		};
		956D436E22F2FEB50091C9C4 /* Settings */ = {
			isa = PBXGroup;
			children = (
				95512AC222F089A80038790F /* SettingsVC.swift */,
				954002032327CAE800AED17B /* AccountSettingsVC.swift */,
				954002012327CA9B00AED17B /* NutritionalSettingsVC.swift */,
				954002052327DAE000AED17B /* LocalizationSettingsVC.swift */,
				954002072327DAF100AED17B /* ShoppingListSettingsVC.swift */,
				95FD9AA4234F5BCC00D803E1 /* NutritionSettingsVC.swift */,
				9519873F2350D70400F56B96 /* AutomaticNutritionCalculationsVC.swift */,
				956D436F22F2FEE00091C9C4 /* ActivityPickerVC.swift */,
				951987422350D72700F56B96 /* NutritionGramsSetupVC.swift */,
				951987442350D73900F56B96 /* NutritionPercentSetupVC.swift */,
			);
			path = Settings;
			sourceTree = "<group>";
		};
		958CD81422E977A500DC6EB6 /* Utilities */ = {
			isa = PBXGroup;
			children = (
				958CD81522E977BA00DC6EB6 /* Constants.swift */,
				954F4E49231E39270088B6DD /* MathUtils.swift */,
				9549B1CC23210AE000A53AAB /* Errors.swift */,
				9549B1CE2321714E00A53AAB /* DateFormatter.swift */,
				950236A62348AF9A0059DA8B /* URLs.swift */,
				950236A82348AFBF0059DA8B /* Colors.swift */,
			);
			path = Utilities;
			sourceTree = "<group>";
		};
		95A05A1C22F84D16002A35B9 /* FoodCell */ = {
			isa = PBXGroup;
			children = (
				95A05A1D22F84D2B002A35B9 /* FoodCell.swift */,
				952A6B6E22E246C700FD8D50 /* AvailableFoodCell.swift */,
				95A05A1A22F84CC2002A35B9 /* RationFoodCell.swift */,
				95A5B29C230BAA8D002F54F9 /* SearchFoodCell.swift */,
				951460C7231EB55500B5C04D /* RationInsertionFoodCell.swift */,
			);
			path = FoodCell;
			sourceTree = "<group>";
		};
		95A5835E23181E160041D797 /* Extension */ = {
			isa = PBXGroup;
			children = (
				956D437322F316E20091C9C4 /* KeyboardBindedView.swift */,
				9540020A2327E7C300AED17B /* ShadowExtension.swift */,
				95F7C80A23362936003BEE5B /* ErrorExtension.swift */,
				95FD9AA6234F72DE00D803E1 /* StringExtension.swift */,
			);
			path = Extension;
			sourceTree = "<group>";
		};
		95A9984D22F81D85007DE2A4 /* AuthControllers */ = {
			isa = PBXGroup;
			children = (
				95324E3022DFB978005905FF /* LoginViewController.swift */,
				958CD81922E9DB7500DC6EB6 /* RegisterVC.swift */,
				95D7768D233D0EBE00CD72BA /* RegisterNextVC.swift */,
				957E7EB2233CE80A00904D4B /* PasswordRecoveryVC.swift */,
			);
			path = AuthControllers;
			sourceTree = "<group>";
		};
		95A9984F22F81DD4007DE2A4 /* Available */ = {
			isa = PBXGroup;
			children = (
				952A6B7522E27CEC00FD8D50 /* AviailableVC.swift */,
				95F9711C22EE438600BD6B87 /* CreationVC.swift */,
				95EF446B230469BA00BAAE01 /* DetailsVC.swift */,
				95AEDA07230728D10094E161 /* EditDetailsVC.swift */,
				95231CB7230AD917009EDCB7 /* SearchVC.swift */,
				958195B3230ADD4D00B08C92 /* FoodVC.swift */,
				95512ABA22F0883F0038790F /* ScanBarcodeVC.swift */,
			);
			path = Available;
			sourceTree = "<group>";
		};
		95CF82872313DDA50058CC7C /* ShoppingList */ = {
			isa = PBXGroup;
			children = (
				95512ABE22F0898A0038790F /* ShopListVC.swift */,
			);
			path = ShoppingList;
			sourceTree = "<group>";
		};
		95DB28BC2328D959004511DD /* InputCell */ = {
			isa = PBXGroup;
			children = (
				95DB28BD2328D9A6004511DD /* SingleInputCell.swift */,
				95DB28BF232928C0004511DD /* DoubleInputCell.swift */,
				95DB28C123298640004511DD /* SwitchCell.swift */,
				95DB28C5232A4952004511DD /* PickerSelectionCell.swift */,
				95549B99232CF214002CD157 /* SegmentedControlCell.swift */,
			);
			path = InputCell;
			sourceTree = "<group>";
		};
		95EF446A2303CEF500BAAE01 /* Cell */ = {
			isa = PBXGroup;
			children = (
				95DB28BC2328D959004511DD /* InputCell */,
				95A05A1C22F84D16002A35B9 /* FoodCell */,
				956D437D22F6ADD40091C9C4 /* RecentPurchasesCell.swift */,
				956D437F22F6ADF10091C9C4 /* ShoppingListCell.swift */,
				95278CFB22FC729A00B015F7 /* DiaryCell.swift */,
				95EF446D23049A6400BAAE01 /* FoodDetailsCell.swift */,
				95D3DFD52306E37400685806 /* EditableCell.swift */,
			);
			path = Cell;
			sourceTree = "<group>";
		};
/* End PBXGroup section */

/* Begin PBXNativeTarget section */
		95324DFA22DF6149005905FF /* Eatho */ = {
			isa = PBXNativeTarget;
			buildConfigurationList = 95324E2322DF614C005905FF /* Build configuration list for PBXNativeTarget "Eatho" */;
			buildPhases = (
				2BA656AB92E2CD93491FF2D3 /* [CP] Check Pods Manifest.lock */,
				95324DF722DF6149005905FF /* Sources */,
				95324DF822DF6149005905FF /* Frameworks */,
				95324DF922DF6149005905FF /* Resources */,
				499D3E9E837A5B6F4258414E /* [CP] Embed Pods Frameworks */,
			);
			buildRules = (
			);
			dependencies = (
			);
			name = Eatho;
			productName = Eatho;
			productReference = 95324DFB22DF6149005905FF /* Eatho.app */;
			productType = "com.apple.product-type.application";
		};
		95324E0E22DF614C005905FF /* EathoTests */ = {
			isa = PBXNativeTarget;
			buildConfigurationList = 95324E2622DF614C005905FF /* Build configuration list for PBXNativeTarget "EathoTests" */;
			buildPhases = (
				EF5CFA4B10FD17F85859C850 /* [CP] Check Pods Manifest.lock */,
				95324E0B22DF614C005905FF /* Sources */,
				95324E0C22DF614C005905FF /* Frameworks */,
				95324E0D22DF614C005905FF /* Resources */,
			);
			buildRules = (
			);
			dependencies = (
				95324E1122DF614C005905FF /* PBXTargetDependency */,
			);
			name = EathoTests;
			productName = EathoTests;
			productReference = 95324E0F22DF614C005905FF /* EathoTests.xctest */;
			productType = "com.apple.product-type.bundle.unit-test";
		};
		95324E1922DF614C005905FF /* EathoUITests */ = {
			isa = PBXNativeTarget;
			buildConfigurationList = 95324E2922DF614C005905FF /* Build configuration list for PBXNativeTarget "EathoUITests" */;
			buildPhases = (
				294E0AD7A9368B07A628DA95 /* [CP] Check Pods Manifest.lock */,
				95324E1622DF614C005905FF /* Sources */,
				95324E1722DF614C005905FF /* Frameworks */,
				95324E1822DF614C005905FF /* Resources */,
			);
			buildRules = (
			);
			dependencies = (
				95324E1C22DF614C005905FF /* PBXTargetDependency */,
			);
			name = EathoUITests;
			productName = EathoUITests;
			productReference = 95324E1A22DF614C005905FF /* EathoUITests.xctest */;
			productType = "com.apple.product-type.bundle.ui-testing";
		};
/* End PBXNativeTarget section */

/* Begin PBXProject section */
		95324DF322DF6149005905FF /* Project object */ = {
			isa = PBXProject;
			attributes = {
				LastSwiftUpdateCheck = 1020;
				LastUpgradeCheck = 1020;
				ORGANIZATIONNAME = "Серафима Зыкова";
				TargetAttributes = {
					95324DFA22DF6149005905FF = {
						CreatedOnToolsVersion = 10.2.1;
					};
					95324E0E22DF614C005905FF = {
						CreatedOnToolsVersion = 10.2.1;
						TestTargetID = 95324DFA22DF6149005905FF;
					};
					95324E1922DF614C005905FF = {
						CreatedOnToolsVersion = 10.2.1;
						TestTargetID = 95324DFA22DF6149005905FF;
					};
				};
			};
			buildConfigurationList = 95324DF622DF6149005905FF /* Build configuration list for PBXProject "Eatho" */;
			compatibilityVersion = "Xcode 9.3";
			developmentRegion = en;
			hasScannedForEncodings = 0;
			knownRegions = (
				en,
				Base,
				ru,
			);
			mainGroup = 95324DF222DF6149005905FF;
			productRefGroup = 95324DFC22DF6149005905FF /* Products */;
			projectDirPath = "";
			projectRoot = "";
			targets = (
				95324DFA22DF6149005905FF /* Eatho */,
				95324E0E22DF614C005905FF /* EathoTests */,
				95324E1922DF614C005905FF /* EathoUITests */,
			);
		};
/* End PBXProject section */

/* Begin PBXResourcesBuildPhase section */
		95324DF922DF6149005905FF /* Resources */ = {
			isa = PBXResourcesBuildPhase;
			buildActionMask = 2147483647;
			files = (
				954ED80F234788E500628BE5 /* Localizable.strings in Resources */,
				95324E0922DF614C005905FF /* LaunchScreen.storyboard in Resources */,
				95324E0622DF614C005905FF /* Assets.xcassets in Resources */,
				957E7EAC233CE45C00904D4B /* LoginScreen.storyboard in Resources */,
				95324E0422DF6149005905FF /* Main.storyboard in Resources */,
			);
			runOnlyForDeploymentPostprocessing = 0;
		};
		95324E0D22DF614C005905FF /* Resources */ = {
			isa = PBXResourcesBuildPhase;
			buildActionMask = 2147483647;
			files = (
			);
			runOnlyForDeploymentPostprocessing = 0;
		};
		95324E1822DF614C005905FF /* Resources */ = {
			isa = PBXResourcesBuildPhase;
			buildActionMask = 2147483647;
			files = (
			);
			runOnlyForDeploymentPostprocessing = 0;
		};
/* End PBXResourcesBuildPhase section */

/* Begin PBXShellScriptBuildPhase section */
		294E0AD7A9368B07A628DA95 /* [CP] Check Pods Manifest.lock */ = {
			isa = PBXShellScriptBuildPhase;
			buildActionMask = 2147483647;
			files = (
			);
			inputPaths = (
				"${PODS_PODFILE_DIR_PATH}/Podfile.lock",
				"${PODS_ROOT}/Manifest.lock",
			);
			name = "[CP] Check Pods Manifest.lock";
			outputPaths = (
				"$(DERIVED_FILE_DIR)/Pods-EathoUITests-checkManifestLockResult.txt",
			);
			runOnlyForDeploymentPostprocessing = 0;
			shellPath = /bin/sh;
			shellScript = "diff \"${PODS_PODFILE_DIR_PATH}/Podfile.lock\" \"${PODS_ROOT}/Manifest.lock\" > /dev/null\nif [ $? != 0 ] ; then\n    # print error to STDERR\n    echo \"error: The sandbox is not in sync with the Podfile.lock. Run 'pod install' or update your CocoaPods installation.\" >&2\n    exit 1\nfi\n# This output is used by Xcode 'outputs' to avoid re-running this script phase.\necho \"SUCCESS\" > \"${SCRIPT_OUTPUT_FILE_0}\"\n";
			showEnvVarsInLog = 0;
		};
		2BA656AB92E2CD93491FF2D3 /* [CP] Check Pods Manifest.lock */ = {
			isa = PBXShellScriptBuildPhase;
			buildActionMask = 2147483647;
			files = (
			);
			inputPaths = (
				"${PODS_PODFILE_DIR_PATH}/Podfile.lock",
				"${PODS_ROOT}/Manifest.lock",
			);
			name = "[CP] Check Pods Manifest.lock";
			outputPaths = (
				"$(DERIVED_FILE_DIR)/Pods-Eatho-checkManifestLockResult.txt",
			);
			runOnlyForDeploymentPostprocessing = 0;
			shellPath = /bin/sh;
			shellScript = "diff \"${PODS_PODFILE_DIR_PATH}/Podfile.lock\" \"${PODS_ROOT}/Manifest.lock\" > /dev/null\nif [ $? != 0 ] ; then\n    # print error to STDERR\n    echo \"error: The sandbox is not in sync with the Podfile.lock. Run 'pod install' or update your CocoaPods installation.\" >&2\n    exit 1\nfi\n# This output is used by Xcode 'outputs' to avoid re-running this script phase.\necho \"SUCCESS\" > \"${SCRIPT_OUTPUT_FILE_0}\"\n";
			showEnvVarsInLog = 0;
		};
		499D3E9E837A5B6F4258414E /* [CP] Embed Pods Frameworks */ = {
			isa = PBXShellScriptBuildPhase;
			buildActionMask = 2147483647;
			files = (
			);
			inputPaths = (
				"${SRCROOT}/Pods/Target Support Files/Pods-Eatho/Pods-Eatho-frameworks.sh",
				"${BUILT_PRODUCTS_DIR}/Alamofire/Alamofire.framework",
				"${BUILT_PRODUCTS_DIR}/Charts/Charts.framework",
				"${BUILT_PRODUCTS_DIR}/CryptoSwift/CryptoSwift.framework",
				"${BUILT_PRODUCTS_DIR}/KeychainAccess/KeychainAccess.framework",
				"${BUILT_PRODUCTS_DIR}/SwiftyJSON/SwiftyJSON.framework",
			);
			name = "[CP] Embed Pods Frameworks";
			outputPaths = (
				"${TARGET_BUILD_DIR}/${FRAMEWORKS_FOLDER_PATH}/Alamofire.framework",
				"${TARGET_BUILD_DIR}/${FRAMEWORKS_FOLDER_PATH}/Charts.framework",
				"${TARGET_BUILD_DIR}/${FRAMEWORKS_FOLDER_PATH}/CryptoSwift.framework",
				"${TARGET_BUILD_DIR}/${FRAMEWORKS_FOLDER_PATH}/KeychainAccess.framework",
				"${TARGET_BUILD_DIR}/${FRAMEWORKS_FOLDER_PATH}/SwiftyJSON.framework",
			);
			runOnlyForDeploymentPostprocessing = 0;
			shellPath = /bin/sh;
			shellScript = "\"${SRCROOT}/Pods/Target Support Files/Pods-Eatho/Pods-Eatho-frameworks.sh\"\n";
			showEnvVarsInLog = 0;
		};
		EF5CFA4B10FD17F85859C850 /* [CP] Check Pods Manifest.lock */ = {
			isa = PBXShellScriptBuildPhase;
			buildActionMask = 2147483647;
			files = (
			);
			inputPaths = (
				"${PODS_PODFILE_DIR_PATH}/Podfile.lock",
				"${PODS_ROOT}/Manifest.lock",
			);
			name = "[CP] Check Pods Manifest.lock";
			outputPaths = (
				"$(DERIVED_FILE_DIR)/Pods-EathoTests-checkManifestLockResult.txt",
			);
			runOnlyForDeploymentPostprocessing = 0;
			shellPath = /bin/sh;
			shellScript = "diff \"${PODS_PODFILE_DIR_PATH}/Podfile.lock\" \"${PODS_ROOT}/Manifest.lock\" > /dev/null\nif [ $? != 0 ] ; then\n    # print error to STDERR\n    echo \"error: The sandbox is not in sync with the Podfile.lock. Run 'pod install' or update your CocoaPods installation.\" >&2\n    exit 1\nfi\n# This output is used by Xcode 'outputs' to avoid re-running this script phase.\necho \"SUCCESS\" > \"${SCRIPT_OUTPUT_FILE_0}\"\n";
			showEnvVarsInLog = 0;
		};
/* End PBXShellScriptBuildPhase section */

/* Begin PBXSourcesBuildPhase section */
		95324DF722DF6149005905FF /* Sources */ = {
			isa = PBXSourcesBuildPhase;
			buildActionMask = 2147483647;
			files = (
				95F7C80B23362936003BEE5B /* ErrorExtension.swift in Sources */,
				951460C8231EB55500B5C04D /* RationInsertionFoodCell.swift in Sources */,
				956D437122F2FEE00091C9C4 /* ActivityPickerVC.swift in Sources */,
				95FD9AA7234F72DE00D803E1 /* StringExtension.swift in Sources */,
				950236A72348AF9A0059DA8B /* URLs.swift in Sources */,
				95DB28C0232928C0004511DD /* DoubleInputCell.swift in Sources */,
				95DB28BE2328D9A6004511DD /* SingleInputCell.swift in Sources */,
				95512AC322F089A80038790F /* SettingsVC.swift in Sources */,
				954F4E4A231E39270088B6DD /* MathUtils.swift in Sources */,
				954002082327DAF100AED17B /* ShoppingListSettingsVC.swift in Sources */,
				95A05A1B22F84CC2002A35B9 /* RationFoodCell.swift in Sources */,
				95EF446C230469BA00BAAE01 /* DetailsVC.swift in Sources */,
				9549B1CF2321714E00A53AAB /* DateFormatter.swift in Sources */,
				95AEDA08230728D10094E161 /* EditDetailsVC.swift in Sources */,
				95231CB8230AD917009EDCB7 /* SearchVC.swift in Sources */,
				952A6B6F22E246C700FD8D50 /* AvailableFoodCell.swift in Sources */,
				95952853233A525600707D3C /* BaseVC.swift in Sources */,
				95BFB58E23131A5600296CA2 /* RationNutrientsView.swift in Sources */,
				956D437A22F377F30091C9C4 /* UserInfo.swift in Sources */,
				954002042327CAE800AED17B /* AccountSettingsVC.swift in Sources */,
				95A5B29D230BAA8D002F54F9 /* SearchFoodCell.swift in Sources */,
				95D77690233E2F2900CD72BA /* AuthServiceNetworkExtension.swift in Sources */,
				95A05A2222F86D04002A35B9 /* RationService.swift in Sources */,
				9571892E2305CB9C004A3EE3 /* Nutrient.swift in Sources */,
				956D437822F377820091C9C4 /* NutritionFacts.swift in Sources */,
				951460C6231E97A100B5C04D /* FoodServiceNetworkExtension.swift in Sources */,
				9519874B2351043C00F56B96 /* PickerViewIndexDelegate.swift in Sources */,
				951987432350D72700F56B96 /* NutritionGramsSetupVC.swift in Sources */,
				95A05A1F22F84D2B002A35B9 /* FoodCell.swift in Sources */,
				95278CFC22FC729B00B015F7 /* DiaryCell.swift in Sources */,
				951987452350D73900F56B96 /* NutritionPercentSetupVC.swift in Sources */,
				958CD81822E9CEA600DC6EB6 /* EathoButton.swift in Sources */,
				9549B1C92320201300A53AAB /* ShadowView.swift in Sources */,
				95324DFF22DF6149005905FF /* AppDelegate.swift in Sources */,
				95512AC122F089970038790F /* DiaryVC.swift in Sources */,
				95D3DFD62306E37400685806 /* EditableCell.swift in Sources */,
				954F4E4C231E90C50088B6DD /* RationComplementVC.swift in Sources */,
				951D215A22F9627200A8CDB9 /* NutrientsRelativityView.swift in Sources */,
				958CD81322E971E700DC6EB6 /* AuthService.swift in Sources */,
				9571892C2305C61E004A3EE3 /* Nutrition.swift in Sources */,
				95D3DFD42306A89700685806 /* NutritionChartView.swift in Sources */,
				95AED18A2319187A00D7BE97 /* Model.xcdatamodeld in Sources */,
				952A6B7622E27CEC00FD8D50 /* AviailableVC.swift in Sources */,
				95549B9A232CF214002CD157 /* SegmentedControlCell.swift in Sources */,
				9540020B2327E7C300AED17B /* ShadowExtension.swift in Sources */,
				958CD81622E977BA00DC6EB6 /* Constants.swift in Sources */,
				95DB28C223298640004511DD /* SwitchCell.swift in Sources */,
				9549B1CD23210AE000A53AAB /* Errors.swift in Sources */,
				9549B1CB23204CB000A53AAB /* RationServiceNetworkExtension.swift in Sources */,
				952A6B7422E27B2700FD8D50 /* FoodService.swift in Sources */,
				954F4E47231DA6B30088B6DD /* RationChartView.swift in Sources */,
				954002062327DAE000AED17B /* LocalizationSettingsVC.swift in Sources */,
				958195B6230B22E700B08C92 /* SearchService.swift in Sources */,
				95512AC522F0D3DA0038790F /* SettingsService.swift in Sources */,
				95512ABB22F0883F0038790F /* ScanBarcodeVC.swift in Sources */,
				95A5B29F230EDF36002F54F9 /* UserNutrition.swift in Sources */,
				95324E3122DFB978005905FF /* LoginViewController.swift in Sources */,
				954002022327CA9B00AED17B /* NutritionalSettingsVC.swift in Sources */,
				957E7EB3233CE80A00904D4B /* PasswordRecoveryVC.swift in Sources */,
				95EF446E23049A6400BAAE01 /* FoodDetailsCell.swift in Sources */,
				958CD81A22E9DB7500DC6EB6 /* RegisterVC.swift in Sources */,
				956D437422F316E20091C9C4 /* KeyboardBindedView.swift in Sources */,
				958195B8230B2DA100B08C92 /* Food.swift in Sources */,
				956D438022F6ADF10091C9C4 /* ShoppingListCell.swift in Sources */,
				95D7768E233D0EBE00CD72BA /* RegisterNextVC.swift in Sources */,
				95F7C80D23362D9F003BEE5B /* AlertVC.swift in Sources */,
				95F9711F22EE45AE00BD6B87 /* BarcodeButton.swift in Sources */,
				956D437C22F579BF0091C9C4 /* LabeledTextField.swift in Sources */,
				9572F90E22E5AD7E009C7B7B /* GradientView.swift in Sources */,
				95E50E1E2341F68D001A9A99 /* Network.swift in Sources */,
				951987402350D70400F56B96 /* AutomaticNutritionCalculationsVC.swift in Sources */,
				95512ABF22F0898A0038790F /* ShopListVC.swift in Sources */,
				95501B6D232675E400225108 /* EathoTabBarController.swift in Sources */,
				95FD9AA1234CAF9600D803E1 /* Service.swift in Sources */,
				956D438222F6B0B60091C9C4 /* ShopListService.swift in Sources */,
				952A6B7122E2480200FD8D50 /* FoodItem.swift in Sources */,
				95F9711D22EE438600BD6B87 /* CreationVC.swift in Sources */,
				95512ABD22F089790038790F /* RationVC.swift in Sources */,
				951460CA231F053200B5C04D /* ComplementParamsModalVC.swift in Sources */,
				95FD9AA5234F5BCC00D803E1 /* NutritionSettingsVC.swift in Sources */,
				950236A92348AFBF0059DA8B /* Colors.swift in Sources */,
				958195B4230ADD4D00B08C92 /* FoodVC.swift in Sources */,
				956D437E22F6ADD40091C9C4 /* RecentPurchasesCell.swift in Sources */,
				95FD9AA9234FC3B100D803E1 /* UserNutritionChartView.swift in Sources */,
				95278CFE22FC8EF300B015F7 /* Ration.swift in Sources */,
				95DB28C6232A4952004511DD /* PickerSelectionCell.swift in Sources */,
			);
			runOnlyForDeploymentPostprocessing = 0;
		};
		95324E0B22DF614C005905FF /* Sources */ = {
			isa = PBXSourcesBuildPhase;
			buildActionMask = 2147483647;
			files = (
				95324E1422DF614C005905FF /* EathoTests.swift in Sources */,
			);
			runOnlyForDeploymentPostprocessing = 0;
		};
		95324E1622DF614C005905FF /* Sources */ = {
			isa = PBXSourcesBuildPhase;
			buildActionMask = 2147483647;
			files = (
				95324E1F22DF614C005905FF /* EathoUITests.swift in Sources */,
			);
			runOnlyForDeploymentPostprocessing = 0;
		};
/* End PBXSourcesBuildPhase section */

/* Begin PBXTargetDependency section */
		95324E1122DF614C005905FF /* PBXTargetDependency */ = {
			isa = PBXTargetDependency;
			target = 95324DFA22DF6149005905FF /* Eatho */;
			targetProxy = 95324E1022DF614C005905FF /* PBXContainerItemProxy */;
		};
		95324E1C22DF614C005905FF /* PBXTargetDependency */ = {
			isa = PBXTargetDependency;
			target = 95324DFA22DF6149005905FF /* Eatho */;
			targetProxy = 95324E1B22DF614C005905FF /* PBXContainerItemProxy */;
		};
/* End PBXTargetDependency section */

/* Begin PBXVariantGroup section */
		95324E0222DF6149005905FF /* Main.storyboard */ = {
			isa = PBXVariantGroup;
			children = (
				95324E0322DF6149005905FF /* Base */,
				951987462350DC7600F56B96 /* ru */,
			);
			name = Main.storyboard;
			sourceTree = "<group>";
		};
		95324E0722DF614C005905FF /* LaunchScreen.storyboard */ = {
			isa = PBXVariantGroup;
			children = (
				95324E0822DF614C005905FF /* Base */,
				95A5835D231817E80041D797 /* ru */,
			);
			name = LaunchScreen.storyboard;
			sourceTree = "<group>";
		};
		954ED811234788E500628BE5 /* Localizable.strings */ = {
			isa = PBXVariantGroup;
			children = (
				954ED810234788E500628BE5 /* ru */,
			);
			name = Localizable.strings;
			sourceTree = "<group>";
		};
		957E7EAE233CE45C00904D4B /* LoginScreen.storyboard */ = {
			isa = PBXVariantGroup;
			children = (
				957E7EAF233CE46100904D4B /* Base */,
				954ED80C234786B900628BE5 /* ru */,
			);
			name = LoginScreen.storyboard;
			sourceTree = "<group>";
		};
/* End PBXVariantGroup section */

/* Begin XCBuildConfiguration section */
		95324E2122DF614C005905FF /* Debug */ = {
			isa = XCBuildConfiguration;
			buildSettings = {
				ALWAYS_SEARCH_USER_PATHS = NO;
				CLANG_ANALYZER_LOCALIZABILITY_NONLOCALIZED = YES;
				CLANG_ANALYZER_NONNULL = YES;
				CLANG_ANALYZER_NUMBER_OBJECT_CONVERSION = YES_AGGRESSIVE;
				CLANG_CXX_LANGUAGE_STANDARD = "gnu++14";
				CLANG_CXX_LIBRARY = "libc++";
				CLANG_ENABLE_MODULES = YES;
				CLANG_ENABLE_OBJC_ARC = YES;
				CLANG_ENABLE_OBJC_WEAK = YES;
				CLANG_WARN_BLOCK_CAPTURE_AUTORELEASING = YES;
				CLANG_WARN_BOOL_CONVERSION = YES;
				CLANG_WARN_COMMA = YES;
				CLANG_WARN_CONSTANT_CONVERSION = YES;
				CLANG_WARN_DEPRECATED_OBJC_IMPLEMENTATIONS = YES;
				CLANG_WARN_DIRECT_OBJC_ISA_USAGE = YES_ERROR;
				CLANG_WARN_DOCUMENTATION_COMMENTS = YES;
				CLANG_WARN_EMPTY_BODY = YES;
				CLANG_WARN_ENUM_CONVERSION = YES;
				CLANG_WARN_INFINITE_RECURSION = YES;
				CLANG_WARN_INT_CONVERSION = YES;
				CLANG_WARN_NON_LITERAL_NULL_CONVERSION = YES;
				CLANG_WARN_OBJC_IMPLICIT_RETAIN_SELF = YES;
				CLANG_WARN_OBJC_LITERAL_CONVERSION = YES;
				CLANG_WARN_OBJC_ROOT_CLASS = YES_ERROR;
				CLANG_WARN_RANGE_LOOP_ANALYSIS = YES;
				CLANG_WARN_STRICT_PROTOTYPES = YES;
				CLANG_WARN_SUSPICIOUS_MOVE = YES;
				CLANG_WARN_UNGUARDED_AVAILABILITY = YES_AGGRESSIVE;
				CLANG_WARN_UNREACHABLE_CODE = YES;
				CLANG_WARN__DUPLICATE_METHOD_MATCH = YES;
				CODE_SIGN_IDENTITY = "iPhone Developer";
				COPY_PHASE_STRIP = NO;
				DEBUG_INFORMATION_FORMAT = dwarf;
				ENABLE_STRICT_OBJC_MSGSEND = YES;
				ENABLE_TESTABILITY = YES;
				GCC_C_LANGUAGE_STANDARD = gnu11;
				GCC_DYNAMIC_NO_PIC = NO;
				GCC_NO_COMMON_BLOCKS = YES;
				GCC_OPTIMIZATION_LEVEL = 0;
				GCC_PREPROCESSOR_DEFINITIONS = (
					"DEBUG=1",
					"$(inherited)",
				);
				GCC_WARN_64_TO_32_BIT_CONVERSION = YES;
				GCC_WARN_ABOUT_RETURN_TYPE = YES_ERROR;
				GCC_WARN_UNDECLARED_SELECTOR = YES;
				GCC_WARN_UNINITIALIZED_AUTOS = YES_AGGRESSIVE;
				GCC_WARN_UNUSED_FUNCTION = YES;
				GCC_WARN_UNUSED_VARIABLE = YES;
				IPHONEOS_DEPLOYMENT_TARGET = 12.2;
				MTL_ENABLE_DEBUG_INFO = INCLUDE_SOURCE;
				MTL_FAST_MATH = YES;
				ONLY_ACTIVE_ARCH = YES;
				SDKROOT = iphoneos;
				SWIFT_ACTIVE_COMPILATION_CONDITIONS = DEBUG;
				SWIFT_OPTIMIZATION_LEVEL = "-Onone";
			};
			name = Debug;
		};
		95324E2222DF614C005905FF /* Release */ = {
			isa = XCBuildConfiguration;
			buildSettings = {
				ALWAYS_SEARCH_USER_PATHS = NO;
				CLANG_ANALYZER_LOCALIZABILITY_NONLOCALIZED = YES;
				CLANG_ANALYZER_NONNULL = YES;
				CLANG_ANALYZER_NUMBER_OBJECT_CONVERSION = YES_AGGRESSIVE;
				CLANG_CXX_LANGUAGE_STANDARD = "gnu++14";
				CLANG_CXX_LIBRARY = "libc++";
				CLANG_ENABLE_MODULES = YES;
				CLANG_ENABLE_OBJC_ARC = YES;
				CLANG_ENABLE_OBJC_WEAK = YES;
				CLANG_WARN_BLOCK_CAPTURE_AUTORELEASING = YES;
				CLANG_WARN_BOOL_CONVERSION = YES;
				CLANG_WARN_COMMA = YES;
				CLANG_WARN_CONSTANT_CONVERSION = YES;
				CLANG_WARN_DEPRECATED_OBJC_IMPLEMENTATIONS = YES;
				CLANG_WARN_DIRECT_OBJC_ISA_USAGE = YES_ERROR;
				CLANG_WARN_DOCUMENTATION_COMMENTS = YES;
				CLANG_WARN_EMPTY_BODY = YES;
				CLANG_WARN_ENUM_CONVERSION = YES;
				CLANG_WARN_INFINITE_RECURSION = YES;
				CLANG_WARN_INT_CONVERSION = YES;
				CLANG_WARN_NON_LITERAL_NULL_CONVERSION = YES;
				CLANG_WARN_OBJC_IMPLICIT_RETAIN_SELF = YES;
				CLANG_WARN_OBJC_LITERAL_CONVERSION = YES;
				CLANG_WARN_OBJC_ROOT_CLASS = YES_ERROR;
				CLANG_WARN_RANGE_LOOP_ANALYSIS = YES;
				CLANG_WARN_STRICT_PROTOTYPES = YES;
				CLANG_WARN_SUSPICIOUS_MOVE = YES;
				CLANG_WARN_UNGUARDED_AVAILABILITY = YES_AGGRESSIVE;
				CLANG_WARN_UNREACHABLE_CODE = YES;
				CLANG_WARN__DUPLICATE_METHOD_MATCH = YES;
				CODE_SIGN_IDENTITY = "iPhone Developer";
				COPY_PHASE_STRIP = NO;
				DEBUG_INFORMATION_FORMAT = "dwarf-with-dsym";
				ENABLE_NS_ASSERTIONS = NO;
				ENABLE_STRICT_OBJC_MSGSEND = YES;
				GCC_C_LANGUAGE_STANDARD = gnu11;
				GCC_NO_COMMON_BLOCKS = YES;
				GCC_WARN_64_TO_32_BIT_CONVERSION = YES;
				GCC_WARN_ABOUT_RETURN_TYPE = YES_ERROR;
				GCC_WARN_UNDECLARED_SELECTOR = YES;
				GCC_WARN_UNINITIALIZED_AUTOS = YES_AGGRESSIVE;
				GCC_WARN_UNUSED_FUNCTION = YES;
				GCC_WARN_UNUSED_VARIABLE = YES;
				IPHONEOS_DEPLOYMENT_TARGET = 12.2;
				MTL_ENABLE_DEBUG_INFO = NO;
				MTL_FAST_MATH = YES;
				SDKROOT = iphoneos;
				SWIFT_COMPILATION_MODE = wholemodule;
				SWIFT_OPTIMIZATION_LEVEL = "-O";
				VALIDATE_PRODUCT = YES;
			};
			name = Release;
		};
		95324E2422DF614C005905FF /* Debug */ = {
			isa = XCBuildConfiguration;
			baseConfigurationReference = 197C9F9B51518FA54D5A6493 /* Pods-Eatho.debug.xcconfig */;
			buildSettings = {
				ASSETCATALOG_COMPILER_APPICON_NAME = AppIcon;
				CODE_SIGN_STYLE = Automatic;
				DEVELOPMENT_TEAM = NNJ5DH9KWD;
				INFOPLIST_FILE = Eatho/Info.plist;
				LD_RUNPATH_SEARCH_PATHS = (
					"$(inherited)",
					"@executable_path/Frameworks",
				);
				PRODUCT_BUNDLE_IDENTIFIER = com.test.Eatho;
				PRODUCT_NAME = "$(TARGET_NAME)";
				SWIFT_VERSION = 5.0;
				TARGETED_DEVICE_FAMILY = "1,2";
			};
			name = Debug;
		};
		95324E2522DF614C005905FF /* Release */ = {
			isa = XCBuildConfiguration;
			baseConfigurationReference = 41FFFBAE1CF841C989C04427 /* Pods-Eatho.release.xcconfig */;
			buildSettings = {
				ASSETCATALOG_COMPILER_APPICON_NAME = AppIcon;
				CODE_SIGN_STYLE = Automatic;
				DEVELOPMENT_TEAM = NNJ5DH9KWD;
				INFOPLIST_FILE = Eatho/Info.plist;
				LD_RUNPATH_SEARCH_PATHS = (
					"$(inherited)",
					"@executable_path/Frameworks",
				);
				PRODUCT_BUNDLE_IDENTIFIER = com.test.Eatho;
				PRODUCT_NAME = "$(TARGET_NAME)";
				SWIFT_VERSION = 5.0;
				TARGETED_DEVICE_FAMILY = "1,2";
			};
			name = Release;
		};
		95324E2722DF614C005905FF /* Debug */ = {
			isa = XCBuildConfiguration;
			baseConfigurationReference = 04FD72AD352C50EF62329B76 /* Pods-EathoTests.debug.xcconfig */;
			buildSettings = {
				ALWAYS_EMBED_SWIFT_STANDARD_LIBRARIES = YES;
				BUNDLE_LOADER = "$(TEST_HOST)";
				CODE_SIGN_STYLE = Automatic;
				DEVELOPMENT_TEAM = NNJ5DH9KWD;
				INFOPLIST_FILE = EathoTests/Info.plist;
				LD_RUNPATH_SEARCH_PATHS = (
					"$(inherited)",
					"@executable_path/Frameworks",
					"@loader_path/Frameworks",
				);
				PRODUCT_BUNDLE_IDENTIFIER = com.test.EathoTests;
				PRODUCT_NAME = "$(TARGET_NAME)";
				SWIFT_VERSION = 5.0;
				TARGETED_DEVICE_FAMILY = "1,2";
				TEST_HOST = "$(BUILT_PRODUCTS_DIR)/Eatho.app/Eatho";
			};
			name = Debug;
		};
		95324E2822DF614C005905FF /* Release */ = {
			isa = XCBuildConfiguration;
			baseConfigurationReference = 3FECFA2A60F5B417A9CB9D8B /* Pods-EathoTests.release.xcconfig */;
			buildSettings = {
				ALWAYS_EMBED_SWIFT_STANDARD_LIBRARIES = YES;
				BUNDLE_LOADER = "$(TEST_HOST)";
				CODE_SIGN_STYLE = Automatic;
				DEVELOPMENT_TEAM = NNJ5DH9KWD;
				INFOPLIST_FILE = EathoTests/Info.plist;
				LD_RUNPATH_SEARCH_PATHS = (
					"$(inherited)",
					"@executable_path/Frameworks",
					"@loader_path/Frameworks",
				);
				PRODUCT_BUNDLE_IDENTIFIER = com.test.EathoTests;
				PRODUCT_NAME = "$(TARGET_NAME)";
				SWIFT_VERSION = 5.0;
				TARGETED_DEVICE_FAMILY = "1,2";
				TEST_HOST = "$(BUILT_PRODUCTS_DIR)/Eatho.app/Eatho";
			};
			name = Release;
		};
		95324E2A22DF614C005905FF /* Debug */ = {
			isa = XCBuildConfiguration;
			baseConfigurationReference = 142E855D6C0C1D8AA58774A3 /* Pods-EathoUITests.debug.xcconfig */;
			buildSettings = {
				ALWAYS_EMBED_SWIFT_STANDARD_LIBRARIES = YES;
				CODE_SIGN_STYLE = Automatic;
				DEVELOPMENT_TEAM = NNJ5DH9KWD;
				INFOPLIST_FILE = EathoUITests/Info.plist;
				LD_RUNPATH_SEARCH_PATHS = (
					"$(inherited)",
					"@executable_path/Frameworks",
					"@loader_path/Frameworks",
				);
				PRODUCT_BUNDLE_IDENTIFIER = com.test.EathoUITests;
				PRODUCT_NAME = "$(TARGET_NAME)";
				SWIFT_VERSION = 5.0;
				TARGETED_DEVICE_FAMILY = "1,2";
				TEST_TARGET_NAME = Eatho;
			};
			name = Debug;
		};
		95324E2B22DF614C005905FF /* Release */ = {
			isa = XCBuildConfiguration;
			baseConfigurationReference = 36AD52F2716503097A998B10 /* Pods-EathoUITests.release.xcconfig */;
			buildSettings = {
				ALWAYS_EMBED_SWIFT_STANDARD_LIBRARIES = YES;
				CODE_SIGN_STYLE = Automatic;
				DEVELOPMENT_TEAM = NNJ5DH9KWD;
				INFOPLIST_FILE = EathoUITests/Info.plist;
				LD_RUNPATH_SEARCH_PATHS = (
					"$(inherited)",
					"@executable_path/Frameworks",
					"@loader_path/Frameworks",
				);
				PRODUCT_BUNDLE_IDENTIFIER = com.test.EathoUITests;
				PRODUCT_NAME = "$(TARGET_NAME)";
				SWIFT_VERSION = 5.0;
				TARGETED_DEVICE_FAMILY = "1,2";
				TEST_TARGET_NAME = Eatho;
			};
			name = Release;
		};
/* End XCBuildConfiguration section */

/* Begin XCConfigurationList section */
		95324DF622DF6149005905FF /* Build configuration list for PBXProject "Eatho" */ = {
			isa = XCConfigurationList;
			buildConfigurations = (
				95324E2122DF614C005905FF /* Debug */,
				95324E2222DF614C005905FF /* Release */,
			);
			defaultConfigurationIsVisible = 0;
			defaultConfigurationName = Release;
		};
		95324E2322DF614C005905FF /* Build configuration list for PBXNativeTarget "Eatho" */ = {
			isa = XCConfigurationList;
			buildConfigurations = (
				95324E2422DF614C005905FF /* Debug */,
				95324E2522DF614C005905FF /* Release */,
			);
			defaultConfigurationIsVisible = 0;
			defaultConfigurationName = Release;
		};
		95324E2622DF614C005905FF /* Build configuration list for PBXNativeTarget "EathoTests" */ = {
			isa = XCConfigurationList;
			buildConfigurations = (
				95324E2722DF614C005905FF /* Debug */,
				95324E2822DF614C005905FF /* Release */,
			);
			defaultConfigurationIsVisible = 0;
			defaultConfigurationName = Release;
		};
		95324E2922DF614C005905FF /* Build configuration list for PBXNativeTarget "EathoUITests" */ = {
			isa = XCConfigurationList;
			buildConfigurations = (
				95324E2A22DF614C005905FF /* Debug */,
				95324E2B22DF614C005905FF /* Release */,
			);
			defaultConfigurationIsVisible = 0;
			defaultConfigurationName = Release;
		};
/* End XCConfigurationList section */

/* Begin XCVersionGroup section */
		95AED1882319187A00D7BE97 /* Model.xcdatamodeld */ = {
			isa = XCVersionGroup;
			children = (
				95AED1892319187A00D7BE97 /* Model.xcdatamodel */,
			);
			currentVersion = 95AED1892319187A00D7BE97 /* Model.xcdatamodel */;
			path = Model.xcdatamodeld;
			sourceTree = "<group>";
			versionGroupType = wrapper.xcdatamodel;
		};
/* End XCVersionGroup section */
	};
	rootObject = 95324DF322DF6149005905FF /* Project object */;
}
